// !$*UTF8*$!
{
	archiveVersion = 1;
	classes = {
	};
	objectVersion = 46;
	objects = {

/* Begin PBXBuildFile section */
		6A364B1D1C50AE5900A82468 /* main.m in Sources */ = {isa = PBXBuildFile; fileRef = 6A364B1C1C50AE5800A82468 /* main.m */; };
		6A364B201C50AE5D00A82468 /* AppDelegate.m in Sources */ = {isa = PBXBuildFile; fileRef = 6A364B1F1C50AE5A00A82468 /* AppDelegate.m */; };
		6A364B231C50AE6000A82468 /* ViewController.m in Sources */ = {isa = PBXBuildFile; fileRef = 6A364B221C50AE6000A82468 /* ViewController.m */; };
		6A364B261C50AE6100A82468 /* Main.storyboard in Resources */ = {isa = PBXBuildFile; fileRef = 6A364B241C50AE6100A82468 /* Main.storyboard */; };
		6A364B281C50AE6200A82468 /* Assets.xcassets in Resources */ = {isa = PBXBuildFile; fileRef = 6A364B271C50AE6200A82468 /* Assets.xcassets */; };
		6A364B2B1C50AE6300A82468 /* LaunchScreen.storyboard in Resources */ = {isa = PBXBuildFile; fileRef = 6A364B291C50AE6300A82468 /* LaunchScreen.storyboard */; };
		6A364B361C50AE7600A82468 /* TagsDemoTests.m in Sources */ = {isa = PBXBuildFile; fileRef = 6A364B351C50AE7600A82468 /* TagsDemoTests.m */; };
		6A364B411C50AE7C00A82468 /* TagsDemoUITests.m in Sources */ = {isa = PBXBuildFile; fileRef = 6A364B401C50AE7C00A82468 /* TagsDemoUITests.m */; };
		6A364B501C50AEE100A82468 /* TagsView.m in Sources */ = {isa = PBXBuildFile; fileRef = 6A364B4F1C50AEE100A82468 /* TagsView.m */; };
		6A364B531C50AEFE00A82468 /* TagsFrame.m in Sources */ = {isa = PBXBuildFile; fileRef = 6A364B521C50AEFE00A82468 /* TagsFrame.m */; };
		6A364B561C50BF6800A82468 /* TagsViewCell.m in Sources */ = {isa = PBXBuildFile; fileRef = 6A364B551C50BF6800A82468 /* TagsViewCell.m */; };
/* End PBXBuildFile section */

/* Begin PBXContainerItemProxy section */
		6A364B321C50AE7600A82468 /* PBXContainerItemProxy */ = {
			isa = PBXContainerItemProxy;
			containerPortal = 6A364B101C50AE5200A82468 /* Project object */;
			proxyType = 1;
			remoteGlobalIDString = 6A364B171C50AE5600A82468;
			remoteInfo = TagsDemo;
		};
		6A364B3D1C50AE7A00A82468 /* PBXContainerItemProxy */ = {
			isa = PBXContainerItemProxy;
			containerPortal = 6A364B101C50AE5200A82468 /* Project object */;
			proxyType = 1;
			remoteGlobalIDString = 6A364B171C50AE5600A82468;
			remoteInfo = TagsDemo;
		};
/* End PBXContainerItemProxy section */

/* Begin PBXFileReference section */
		6A364B181C50AE5600A82468 /* TagsDemo.app */ = {isa = PBXFileReference; explicitFileType = wrapper.application; includeInIndex = 0; path = TagsDemo.app; sourceTree = BUILT_PRODUCTS_DIR; };
		6A364B1C1C50AE5800A82468 /* main.m */ = {isa = PBXFileReference; lastKnownFileType = sourcecode.c.objc; path = main.m; sourceTree = "<group>"; };
		6A364B1E1C50AE5A00A82468 /* AppDelegate.h */ = {isa = PBXFileReference; lastKnownFileType = sourcecode.c.h; path = AppDelegate.h; sourceTree = "<group>"; };
		6A364B1F1C50AE5A00A82468 /* AppDelegate.m */ = {isa = PBXFileReference; lastKnownFileType = sourcecode.c.objc; path = AppDelegate.m; sourceTree = "<group>"; };
		6A364B211C50AE5F00A82468 /* ViewController.h */ = {isa = PBXFileReference; lastKnownFileType = sourcecode.c.h; path = ViewController.h; sourceTree = "<group>"; };
		6A364B221C50AE6000A82468 /* ViewController.m */ = {isa = PBXFileReference; lastKnownFileType = sourcecode.c.objc; path = ViewController.m; sourceTree = "<group>"; };
		6A364B251C50AE6100A82468 /* Base */ = {isa = PBXFileReference; lastKnownFileType = file.storyboard; name = Base; path = Base.lproj/Main.storyboard; sourceTree = "<group>"; };
		6A364B271C50AE6200A82468 /* Assets.xcassets */ = {isa = PBXFileReference; lastKnownFileType = folder.assetcatalog; path = Assets.xcassets; sourceTree = "<group>"; };
		6A364B2A1C50AE6300A82468 /* Base */ = {isa = PBXFileReference; lastKnownFileType = file.storyboard; name = Base; path = Base.lproj/LaunchScreen.storyboard; sourceTree = "<group>"; };
		6A364B2C1C50AE6500A82468 /* Info.plist */ = {isa = PBXFileReference; lastKnownFileType = text.plist.xml; path = Info.plist; sourceTree = "<group>"; };
		6A364B311C50AE7600A82468 /* TagsDemoTests.xctest */ = {isa = PBXFileReference; explicitFileType = wrapper.cfbundle; includeInIndex = 0; path = TagsDemoTests.xctest; sourceTree = BUILT_PRODUCTS_DIR; };
		6A364B351C50AE7600A82468 /* TagsDemoTests.m */ = {isa = PBXFileReference; lastKnownFileType = sourcecode.c.objc; path = TagsDemoTests.m; sourceTree = "<group>"; };
		6A364B371C50AE7800A82468 /* Info.plist */ = {isa = PBXFileReference; lastKnownFileType = text.plist.xml; path = Info.plist; sourceTree = "<group>"; };
		6A364B3C1C50AE7A00A82468 /* TagsDemoUITests.xctest */ = {isa = PBXFileReference; explicitFileType = wrapper.cfbundle; includeInIndex = 0; path = TagsDemoUITests.xctest; sourceTree = BUILT_PRODUCTS_DIR; };
		6A364B401C50AE7C00A82468 /* TagsDemoUITests.m */ = {isa = PBXFileReference; lastKnownFileType = sourcecode.c.objc; path = TagsDemoUITests.m; sourceTree = "<group>"; };
		6A364B421C50AE7D00A82468 /* Info.plist */ = {isa = PBXFileReference; lastKnownFileType = text.plist.xml; path = Info.plist; sourceTree = "<group>"; };
		6A364B4E1C50AEE100A82468 /* TagsView.h */ = {isa = PBXFileReference; fileEncoding = 4; lastKnownFileType = sourcecode.c.h; path = TagsView.h; sourceTree = "<group>"; };
		6A364B4F1C50AEE100A82468 /* TagsView.m */ = {isa = PBXFileReference; fileEncoding = 4; lastKnownFileType = sourcecode.c.objc; path = TagsView.m; sourceTree = "<group>"; };
		6A364B511C50AEFE00A82468 /* TagsFrame.h */ = {isa = PBXFileReference; fileEncoding = 4; lastKnownFileType = sourcecode.c.h; path = TagsFrame.h; sourceTree = "<group>"; };
		6A364B521C50AEFE00A82468 /* TagsFrame.m */ = {isa = PBXFileReference; fileEncoding = 4; lastKnownFileType = sourcecode.c.objc; path = TagsFrame.m; sourceTree = "<group>"; };
		6A364B541C50BF6800A82468 /* TagsViewCell.h */ = {isa = PBXFileReference; fileEncoding = 4; lastKnownFileType = sourcecode.c.h; path = TagsViewCell.h; sourceTree = "<group>"; };
		6A364B551C50BF6800A82468 /* TagsViewCell.m */ = {isa = PBXFileReference; fileEncoding = 4; lastKnownFileType = sourcecode.c.objc; path = TagsViewCell.m; sourceTree = "<group>"; };
/* End PBXFileReference section */

/* Begin PBXFrameworksBuildPhase section */
		6A364B151C50AE5600A82468 /* Frameworks */ = {
			isa = PBXFrameworksBuildPhase;
			buildActionMask = 2147483647;
			files = (
			);
			runOnlyForDeploymentPostprocessing = 0;
		};
		6A364B2E1C50AE7600A82468 /* Frameworks */ = {
			isa = PBXFrameworksBuildPhase;
			buildActionMask = 2147483647;
			files = (
			);
			runOnlyForDeploymentPostprocessing = 0;
		};
		6A364B391C50AE7900A82468 /* Frameworks */ = {
			isa = PBXFrameworksBuildPhase;
			buildActionMask = 2147483647;
			files = (
			);
			runOnlyForDeploymentPostprocessing = 0;
		};
/* End PBXFrameworksBuildPhase section */

/* Begin PBXGroup section */
		6A364B0F1C50AE5100A82468 = {
			isa = PBXGroup;
			children = (
				6A364B1A1C50AE5700A82468 /* TagsDemo */,
				6A364B341C50AE7600A82468 /* TagsDemoTests */,
				6A364B3F1C50AE7C00A82468 /* TagsDemoUITests */,
				6A364B191C50AE5600A82468 /* Products */,
			);
			sourceTree = "<group>";
		};
		6A364B191C50AE5600A82468 /* Products */ = {
			isa = PBXGroup;
			children = (
				6A364B181C50AE5600A82468 /* TagsDemo.app */,
				6A364B311C50AE7600A82468 /* TagsDemoTests.xctest */,
				6A364B3C1C50AE7A00A82468 /* TagsDemoUITests.xctest */,
			);
			name = Products;
			sourceTree = "<group>";
		};
		6A364B1A1C50AE5700A82468 /* TagsDemo */ = {
			isa = PBXGroup;
			children = (
				6A364B1E1C50AE5A00A82468 /* AppDelegate.h */,
				6A364B1F1C50AE5A00A82468 /* AppDelegate.m */,
				6A364B211C50AE5F00A82468 /* ViewController.h */,
				6A364B221C50AE6000A82468 /* ViewController.m */,
				6A364B241C50AE6100A82468 /* Main.storyboard */,
				6A364B271C50AE6200A82468 /* Assets.xcassets */,
				6A364B291C50AE6300A82468 /* LaunchScreen.storyboard */,
				6A364B2C1C50AE6500A82468 /* Info.plist */,
				6A364B1B1C50AE5800A82468 /* Supporting Files */,
				6A364B4E1C50AEE100A82468 /* TagsView.h */,
				6A364B4F1C50AEE100A82468 /* TagsView.m */,
				6A364B511C50AEFE00A82468 /* TagsFrame.h */,
				6A364B521C50AEFE00A82468 /* TagsFrame.m */,
				6A364B541C50BF6800A82468 /* TagsViewCell.h */,
				6A364B551C50BF6800A82468 /* TagsViewCell.m */,
			);
			path = TagsDemo;
			sourceTree = "<group>";
		};
		6A364B1B1C50AE5800A82468 /* Supporting Files */ = {
			isa = PBXGroup;
			children = (
				6A364B1C1C50AE5800A82468 /* main.m */,
			);
			name = "Supporting Files";
			sourceTree = "<group>";
		};
		6A364B341C50AE7600A82468 /* TagsDemoTests */ = {
			isa = PBXGroup;
			children = (
				6A364B351C50AE7600A82468 /* TagsDemoTests.m */,
				6A364B371C50AE7800A82468 /* Info.plist */,
			);
			path = TagsDemoTests;
			sourceTree = "<group>";
		};
		6A364B3F1C50AE7C00A82468 /* TagsDemoUITests */ = {
			isa = PBXGroup;
			children = (
				6A364B401C50AE7C00A82468 /* TagsDemoUITests.m */,
				6A364B421C50AE7D00A82468 /* Info.plist */,
			);
			path = TagsDemoUITests;
			sourceTree = "<group>";
		};
/* End PBXGroup section */

/* Begin PBXNativeTarget section */
		6A364B171C50AE5600A82468 /* TagsDemo */ = {
			isa = PBXNativeTarget;
			buildConfigurationList = 6A364B451C50AE7D00A82468 /* Build configuration list for PBXNativeTarget "TagsDemo" */;
			buildPhases = (
				6A364B141C50AE5600A82468 /* Sources */,
				6A364B151C50AE5600A82468 /* Frameworks */,
				6A364B161C50AE5600A82468 /* Resources */,
			);
			buildRules = (
			);
			dependencies = (
			);
			name = TagsDemo;
			productName = TagsDemo;
			productReference = 6A364B181C50AE5600A82468 /* TagsDemo.app */;
			productType = "com.apple.product-type.application";
		};
		6A364B301C50AE7600A82468 /* TagsDemoTests */ = {
			isa = PBXNativeTarget;
			buildConfigurationList = 6A364B481C50AE7D00A82468 /* Build configuration list for PBXNativeTarget "TagsDemoTests" */;
			buildPhases = (
				6A364B2D1C50AE7600A82468 /* Sources */,
				6A364B2E1C50AE7600A82468 /* Frameworks */,
				6A364B2F1C50AE7600A82468 /* Resources */,
			);
			buildRules = (
			);
			dependencies = (
				6A364B331C50AE7600A82468 /* PBXTargetDependency */,
			);
			name = TagsDemoTests;
			productName = TagsDemoTests;
			productReference = 6A364B311C50AE7600A82468 /* TagsDemoTests.xctest */;
			productType = "com.apple.product-type.bundle.unit-test";
		};
		6A364B3B1C50AE7900A82468 /* TagsDemoUITests */ = {
			isa = PBXNativeTarget;
			buildConfigurationList = 6A364B4B1C50AE7D00A82468 /* Build configuration list for PBXNativeTarget "TagsDemoUITests" */;
			buildPhases = (
				6A364B381C50AE7900A82468 /* Sources */,
				6A364B391C50AE7900A82468 /* Frameworks */,
				6A364B3A1C50AE7900A82468 /* Resources */,
			);
			buildRules = (
			);
			dependencies = (
				6A364B3E1C50AE7A00A82468 /* PBXTargetDependency */,
			);
			name = TagsDemoUITests;
			productName = TagsDemoUITests;
			productReference = 6A364B3C1C50AE7A00A82468 /* TagsDemoUITests.xctest */;
			productType = "com.apple.product-type.bundle.ui-testing";
		};
/* End PBXNativeTarget section */

/* Begin PBXProject section */
		6A364B101C50AE5200A82468 /* Project object */ = {
			isa = PBXProject;
			attributes = {
				LastUpgradeCheck = 0720;
				ORGANIZATIONNAME = Administrator;
				TargetAttributes = {
					6A364B171C50AE5600A82468 = {
						CreatedOnToolsVersion = 7.2;
					};
					6A364B301C50AE7600A82468 = {
						CreatedOnToolsVersion = 7.2;
						TestTargetID = 6A364B171C50AE5600A82468;
					};
					6A364B3B1C50AE7900A82468 = {
						CreatedOnToolsVersion = 7.2;
						TestTargetID = 6A364B171C50AE5600A82468;
					};
				};
			};
			buildConfigurationList = 6A364B131C50AE5200A82468 /* Build configuration list for PBXProject "TagsDemo" */;
			compatibilityVersion = "Xcode 3.2";
			developmentRegion = English;
			hasScannedForEncodings = 0;
			knownRegions = (
				en,
				Base,
			);
			mainGroup = 6A364B0F1C50AE5100A82468;
			productRefGroup = 6A364B191C50AE5600A82468 /* Products */;
			projectDirPath = "";
			projectRoot = "";
			targets = (
				6A364B171C50AE5600A82468 /* TagsDemo */,
				6A364B301C50AE7600A82468 /* TagsDemoTests */,
				6A364B3B1C50AE7900A82468 /* TagsDemoUITests */,
			);
		};
/* End PBXProject section */

/* Begin PBXResourcesBuildPhase section */
		6A364B161C50AE5600A82468 /* Resources */ = {
			isa = PBXResourcesBuildPhase;
			buildActionMask = 2147483647;
			files = (
				6A364B2B1C50AE6300A82468 /* LaunchScreen.storyboard in Resources */,
				6A364B281C50AE6200A82468 /* Assets.xcassets in Resources */,
				6A364B261C50AE6100A82468 /* Main.storyboard in Resources */,
			);
			runOnlyForDeploymentPostprocessing = 0;
		};
		6A364B2F1C50AE7600A82468 /* Resources */ = {
			isa = PBXResourcesBuildPhase;
			buildActionMask = 2147483647;
			files = (
			);
			runOnlyForDeploymentPostprocessing = 0;
		};
		6A364B3A1C50AE7900A82468 /* Resources */ = {
			isa = PBXResourcesBuildPhase;
			buildActionMask = 2147483647;
			files = (
			);
			runOnlyForDeploymentPostprocessing = 0;
		};
/* End PBXResourcesBuildPhase section */

/* Begin PBXSourcesBuildPhase section */
		6A364B141C50AE5600A82468 /* Sources */ = {
			isa = PBXSourcesBuildPhase;
			buildActionMask = 2147483647;
			files = (
				6A364B231C50AE6000A82468 /* ViewController.m in Sources */,
				6A364B561C50BF6800A82468 /* TagsViewCell.m in Sources */,
				6A364B201C50AE5D00A82468 /* AppDelegate.m in Sources */,
				6A364B1D1C50AE5900A82468 /* main.m in Sources */,
				6A364B531C50AEFE00A82468 /* TagsFrame.m in Sources */,
				6A364B501C50AEE100A82468 /* TagsView.m in Sources */,
			);
			runOnlyForDeploymentPostprocessing = 0;
		};
		6A364B2D1C50AE7600A82468 /* Sources */ = {
			isa = PBXSourcesBuildPhase;
			buildActionMask = 2147483647;
			files = (
				6A364B361C50AE7600A82468 /* TagsDemoTests.m in Sources */,
			);
			runOnlyForDeploymentPostprocessing = 0;
		};
		6A364B381C50AE7900A82468 /* Sources */ = {
			isa = PBXSourcesBuildPhase;
			buildActionMask = 2147483647;
			files = (
				6A364B411C50AE7C00A82468 /* TagsDemoUITests.m in Sources */,
			);
			runOnlyForDeploymentPostprocessing = 0;
		};
/* End PBXSourcesBuildPhase section */

/* Begin PBXTargetDependency section */
		6A364B331C50AE7600A82468 /* PBXTargetDependency */ = {
			isa = PBXTargetDependency;
			target = 6A364B171C50AE5600A82468 /* TagsDemo */;
			targetProxy = 6A364B321C50AE7600A82468 /* PBXContainerItemProxy */;
		};
		6A364B3E1C50AE7A00A82468 /* PBXTargetDependency */ = {
			isa = PBXTargetDependency;
			target = 6A364B171C50AE5600A82468 /* TagsDemo */;
			targetProxy = 6A364B3D1C50AE7A00A82468 /* PBXContainerItemProxy */;
		};
/* End PBXTargetDependency section */

/* Begin PBXVariantGroup section */
		6A364B241C50AE6100A82468 /* Main.storyboard */ = {
			isa = PBXVariantGroup;
			children = (
				6A364B251C50AE6100A82468 /* Base */,
			);
			name = Main.storyboard;
			sourceTree = "<group>";
		};
		6A364B291C50AE6300A82468 /* LaunchScreen.storyboard */ = {
			isa = PBXVariantGroup;
			children = (
				6A364B2A1C50AE6300A82468 /* Base */,
			);
			name = LaunchScreen.storyboard;
			sourceTree = "<group>";
		};
/* End PBXVariantGroup section */

/* Begin XCBuildConfiguration section */
		6A364B431C50AE7D00A82468 /* Debug */ = {
			isa = XCBuildConfiguration;
			buildSettings = {
				ALWAYS_SEARCH_USER_PATHS = NO;
				CLANG_CXX_LANGUAGE_STANDARD = "gnu++0x";
				CLANG_CXX_LIBRARY = "libc++";
				CLANG_ENABLE_MODULES = YES;
				CLANG_ENABLE_OBJC_ARC = YES;
				CLANG_WARN_BOOL_CONVERSION = YES;
				CLANG_WARN_CONSTANT_CONVERSION = YES;
				CLANG_WARN_DIRECT_OBJC_ISA_USAGE = YES_ERROR;
				CLANG_WARN_EMPTY_BODY = YES;
				CLANG_WARN_ENUM_CONVERSION = YES;
				CLANG_WARN_INT_CONVERSION = YES;
				CLANG_WARN_OBJC_ROOT_CLASS = YES_ERROR;
				CLANG_WARN_UNREACHABLE_CODE = YES;
				CLANG_WARN__DUPLICATE_METHOD_MATCH = YES;
				"CODE_SIGN_IDENTITY[sdk=iphoneos*]" = "iPhone Developer";
				COPY_PHASE_STRIP = NO;
				DEBUG_INFORMATION_FORMAT = dwarf;
				ENABLE_STRICT_OBJC_MSGSEND = YES;
				ENABLE_TESTABILITY = YES;
				GCC_C_LANGUAGE_STANDARD = gnu99;
				GCC_DYNAMIC_NO_PIC = NO;
				GCC_NO_COMMON_BLOCKS = YES;
				GCC_OPTIMIZATION_LEVEL = 0;
				GCC_PREPROCESSOR_DEFINITIONS = (
					"DEBUG=1",
					"$(inherited)",
				);
				GCC_WARN_64_TO_32_BIT_CONVERSION = YES;
				GCC_WARN_ABOUT_RETURN_TYPE = YES_ERROR;
				GCC_WARN_UNDECLARED_SELECTOR = YES;
				GCC_WARN_UNINITIALIZED_AUTOS = YES_AGGRESSIVE;
				GCC_WARN_UNUSED_FUNCTION = YES;
				GCC_WARN_UNUSED_VARIABLE = YES;
				IPHONEOS_DEPLOYMENT_TARGET = 9.2;
				MTL_ENABLE_DEBUG_INFO = YES;
				ONLY_ACTIVE_ARCH = YES;
				SDKROOT = iphoneos;
			};
			name = Debug;
		};
		6A364B441C50AE7D00A82468 /* Release */ = {
			isa = XCBuildConfiguration;
			buildSettings = {
				ALWAYS_SEARCH_USER_PATHS = NO;
				CLANG_CXX_LANGUAGE_STANDARD = "gnu++0x";
				CLANG_CXX_LIBRARY = "libc++";
				CLANG_ENABLE_MODULES = YES;
				CLANG_ENABLE_OBJC_ARC = YES;
				CLANG_WARN_BOOL_CONVERSION = YES;
				CLANG_WARN_CONSTANT_CONVERSION = YES;
				CLANG_WARN_DIRECT_OBJC_ISA_USAGE = YES_ERROR;
				CLANG_WARN_EMPTY_BODY = YES;
				CLANG_WARN_ENUM_CONVERSION = YES;
				CLANG_WARN_INT_CONVERSION = YES;
				CLANG_WARN_OBJC_ROOT_CLASS = YES_ERROR;
				CLANG_WARN_UNREACHABLE_CODE = YES;
				CLANG_WARN__DUPLICATE_METHOD_MATCH = YES;
				"CODE_SIGN_IDENTITY[sdk=iphoneos*]" = "iPhone Developer";
				COPY_PHASE_STRIP = NO;
				DEBUG_INFORMATION_FORMAT = "dwarf-with-dsym";
				ENABLE_NS_ASSERTIONS = NO;
				ENABLE_STRICT_OBJC_MSGSEND = YES;
				GCC_C_LANGUAGE_STANDARD = gnu99;
				GCC_NO_COMMON_BLOCKS = YES;
				GCC_WARN_64_TO_32_BIT_CONVERSION = YES;
				GCC_WARN_ABOUT_RETURN_TYPE = YES_ERROR;
				GCC_WARN_UNDECLARED_SELECTOR = YES;
				GCC_WARN_UNINITIALIZED_AUTOS = YES_AGGRESSIVE;
				GCC_WARN_UNUSED_FUNCTION = YES;
				GCC_WARN_UNUSED_VARIABLE = YES;
				IPHONEOS_DEPLOYMENT_TARGET = 9.2;
				MTL_ENABLE_DEBUG_INFO = NO;
				SDKROOT = iphoneos;
				VALIDATE_PRODUCT = YES;
			};
			name = Release;
		};
		6A364B461C50AE7D00A82468 /* Debug */ = {
			isa = XCBuildConfiguration;
			buildSettings = {
				ASSETCATALOG_COMPILER_APPICON_NAME = AppIcon;
				INFOPLIST_FILE = TagsDemo/Info.plist;
				LD_RUNPATH_SEARCH_PATHS = "$(inherited) @executable_path/Frameworks";
				PRODUCT_BUNDLE_IDENTIFIER = bykj.TagsDemo;
				PRODUCT_NAME = "$(TARGET_NAME)";
			};
			name = Debug;
		};
		6A364B471C50AE7D00A82468 /* Release */ = {
			isa = XCBuildConfiguration;
			buildSettings = {
				ASSETCATALOG_COMPILER_APPICON_NAME = AppIcon;
				INFOPLIST_FILE = TagsDemo/Info.plist;
				LD_RUNPATH_SEARCH_PATHS = "$(inherited) @executable_path/Frameworks";
				PRODUCT_BUNDLE_IDENTIFIER = bykj.TagsDemo;
				PRODUCT_NAME = "$(TARGET_NAME)";
			};
			name = Release;
		};
		6A364B491C50AE7D00A82468 /* Debug */ = {
			isa = XCBuildConfiguration;
			buildSettings = {
				BUNDLE_LOADER = "$(TEST_HOST)";
				INFOPLIST_FILE = TagsDemoTests/Info.plist;
				LD_RUNPATH_SEARCH_PATHS = "$(inherited) @executable_path/Frameworks @loader_path/Frameworks";
				PRODUCT_BUNDLE_IDENTIFIER = bykj.TagsDemoTests;
				PRODUCT_NAME = "$(TARGET_NAME)";
				TEST_HOST = "$(BUILT_PRODUCTS_DIR)/TagsDemo.app/TagsDemo";
			};
			name = Debug;
		};
		6A364B4A1C50AE7D00A82468 /* Release */ = {
			isa = XCBuildConfiguration;
			buildSettings = {
				BUNDLE_LOADER = "$(TEST_HOST)";
				INFOPLIST_FILE = TagsDemoTests/Info.plist;
				LD_RUNPATH_SEARCH_PATHS = "$(inherited) @executable_path/Frameworks @loader_path/Frameworks";
				PRODUCT_BUNDLE_IDENTIFIER = bykj.TagsDemoTests;
				PRODUCT_NAME = "$(TARGET_NAME)";
				TEST_HOST = "$(BUILT_PRODUCTS_DIR)/TagsDemo.app/TagsDemo";
			};
			name = Release;
		};
		6A364B4C1C50AE7D00A82468 /* Debug */ = {
			isa = XCBuildConfiguration;
			buildSettings = {
				INFOPLIST_FILE = TagsDemoUITests/Info.plist;
				LD_RUNPATH_SEARCH_PATHS = "$(inherited) @executable_path/Frameworks @loader_path/Frameworks";
				PRODUCT_BUNDLE_IDENTIFIER = bykj.TagsDemoUITests;
				PRODUCT_NAME = "$(TARGET_NAME)";
				TEST_TARGET_NAME = TagsDemo;
				USES_XCTRUNNER = YES;
			};
			name = Debug;
		};
		6A364B4D1C50AE7D00A82468 /* Release */ = {
			isa = XCBuildConfiguration;
			buildSettings = {
				INFOPLIST_FILE = TagsDemoUITests/Info.plist;
				LD_RUNPATH_SEARCH_PATHS = "$(inherited) @executable_path/Frameworks @loader_path/Frameworks";
				PRODUCT_BUNDLE_IDENTIFIER = bykj.TagsDemoUITests;
				PRODUCT_NAME = "$(TARGET_NAME)";
				TEST_TARGET_NAME = TagsDemo;
				USES_XCTRUNNER = YES;
			};
			name = Release;
		};
/* End XCBuildConfiguration section */

/* Begin XCConfigurationList section */
		6A364B131C50AE5200A82468 /* Build configuration list for PBXProject "TagsDemo" */ = {
			isa = XCConfigurationList;
			buildConfigurations = (
				6A364B431C50AE7D00A82468 /* Debug */,
				6A364B441C50AE7D00A82468 /* Release */,
			);
			defaultConfigurationIsVisible = 0;
			defaultConfigurationName = Release;
		};
		6A364B451C50AE7D00A82468 /* Build configuration list for PBXNativeTarget "TagsDemo" */ = {
			isa = XCConfigurationList;
			buildConfigurations = (
				6A364B461C50AE7D00A82468 /* Debug */,
				6A364B471C50AE7D00A82468 /* Release */,
			);
			defaultConfigurationIsVisible = 0;
		};
		6A364B481C50AE7D00A82468 /* Build configuration list for PBXNativeTarget "TagsDemoTests" */ = {
			isa = XCConfigurationList;
			buildConfigurations = (
				6A364B491C50AE7D00A82468 /* Debug */,
				6A364B4A1C50AE7D00A82468 /* Release */,
			);
			defaultConfigurationIsVisible = 0;
		};
		6A364B4B1C50AE7D00A82468 /* Build configuration list for PBXNativeTarget "TagsDemoUITests" */ = {
			isa = XCConfigurationList;
			buildConfigurations = (
				6A364B4C1C50AE7D00A82468 /* Debug */,
				6A364B4D1C50AE7D00A82468 /* Release */,
			);
			defaultConfigurationIsVisible = 0;
		};
/* End XCConfigurationList section */
	};
	rootObject = 6A364B101C50AE5200A82468 /* Project object */;
}
